{
  "version": 4,
  "terraform_version": "1.15.6",
  "serial": 5,
  "lineage": "91682723-d0a7-8668-72c6-6537817b62bb",
  "outputs": {
    "openvpn_public_ip": {
      "value": "52.203.159.84",
      "type": "string"
    },
    "ssh_command": {
      "value": "ssh -i \u003cruta-a-tu-llave\u003e.pem ubuntu@52.203.159.84",
      "type": "string"
    }
  },
  "resources": [
    {
      "mode": "managed",
      "type": "aws_eip",
      "name": "openvpn_eip",
      "provider": "provider[\"registry.terraform.io/hashicorp/aws\"]",
      "instances": [
        {
          "schema_version": 0,
          "attributes": {
            "address": null,
            "allocation_id": "eipalloc-086c8d2ec98b123c4",
            "arn": "arn:aws:ec2:us-east-1:503857315368:elastic-ip/eipalloc-086c8d2ec98b123c4",
            "associate_with_private_ip": null,
            "association_id": "eipassoc-04ebd16e036fd579b",
            "carrier_ip": "",
            "customer_owned_ip": "",
            "customer_owned_ipv4_pool": "",
            "domain": "vpc",
            "id": "eipalloc-086c8d2ec98b123c4",
            "instance": "i-0251d092d7cf4ed9a",
            "ipam_pool_id": null,
            "network_border_group": "us-east-1",
            "network_interface": "eni-03c8f55b7411fa9ed",
            "private_dns": "ip-172-31-16-101.ec2.internal",
            "private_ip": "172.31.16.101",
            "ptr_record": "",
            "public_dns": "ec2-52-203-159-84.compute-1.amazonaws.com",
            "public_ip": "52.203.159.84",
            "public_ipv4_pool": "amazon",
            "tags": {
              "Name": "paas-openvpn-eip",
              "Project": "PaaS.net"
            },
            "tags_all": {
              "Name": "paas-openvpn-eip",
              "Project": "PaaS.net"
            },
            "timeouts": null,
            "vpc": true
          },
          "sensitive_attributes": [],
          "identity_schema_version": 0,
          "private": "eyJlMmJmYjczMC1lY2FhLTExZTYtOGY4OC0zNDM2M2JjN2M0YzAiOnsiZGVsZXRlIjoxODAwMDAwMDAwMDAsInJlYWQiOjkwMDAwMDAwMDAwMCwidXBkYXRlIjozMDAwMDAwMDAwMDB9fQ==",
          "dependencies": [
            "aws_instance.openvpn_server",
            "aws_security_group.openvpn_sg"
          ]
        }
      ]
    },
    {
      "mode": "managed",
      "type": "aws_instance",
      "name": "openvpn_server",
      "provider": "provider[\"registry.terraform.io/hashicorp/aws\"]",
      "instances": [
        {
          "schema_version": 1,
          "attributes": {
            "ami": "ami-0b6d9d3d33ba97d99",
            "arn": "arn:aws:ec2:us-east-1:503857315368:instance/i-0251d092d7cf4ed9a",
            "associate_public_ip_address": true,
            "availability_zone": "us-east-1c",
            "capacity_reservation_specification": [
              {
                "capacity_reservation_preference": "open",
                "capacity_reservation_target": []
              }
            ],
            "cpu_core_count": 1,
            "cpu_options": [
              {
                "amd_sev_snp": "",
                "core_count": 1,
                "threads_per_core": 2
              }
            ],
            "cpu_threads_per_core": 2,
            "credit_specification": [
              {
                "cpu_credits": "unlimited"
              }
            ],
            "disable_api_stop": false,
            "disable_api_termination": false,
            "ebs_block_device": [],
            "ebs_optimized": false,
            "enable_primary_ipv6": null,
            "enclave_options": [
              {
                "enabled": false
              }
            ],
            "ephemeral_block_device": [],
            "get_password_data": false,
            "hibernation": false,
            "host_id": "",
            "host_resource_group_arn": null,
            "iam_instance_profile": "",
            "id": "i-0251d092d7cf4ed9a",
            "instance_initiated_shutdown_behavior": "stop",
            "instance_lifecycle": "",
            "instance_market_options": [],
            "instance_state": "running",
            "instance_type": "t3.micro",
            "ipv6_address_count": 0,
            "ipv6_addresses": [],
            "key_name": "paas-vpn",
            "launch_template": [],
            "maintenance_options": [
              {
                "auto_recovery": "default"
              }
            ],
            "metadata_options": [
              {
                "http_endpoint": "enabled",
                "http_protocol_ipv6": "disabled",
                "http_put_response_hop_limit": 2,
                "http_tokens": "required",
                "instance_metadata_tags": "disabled"
              }
            ],
            "monitoring": false,
            "network_interface": [],
            "outpost_arn": "",
            "password_data": "",
            "placement_group": "",
            "placement_partition_number": 0,
            "primary_network_interface_id": "eni-03c8f55b7411fa9ed",
            "private_dns": "ip-172-31-16-101.ec2.internal",
            "private_dns_name_options": [
              {
                "enable_resource_name_dns_a_record": false,
                "enable_resource_name_dns_aaaa_record": false,
                "hostname_type": "ip-name"
              }
            ],
            "private_ip": "172.31.16.101",
            "public_dns": "ec2-52-203-159-84.compute-1.amazonaws.com",
            "public_ip": "52.203.159.84",
            "root_block_device": [
              {
                "delete_on_termination": true,
                "device_name": "/dev/sda1",
                "encrypted": false,
                "iops": 3000,
                "kms_key_id": "",
                "tags": {},
                "tags_all": {},
                "throughput": 125,
                "volume_id": "vol-08671f65c92d942bd",
                "volume_size": 8,
                "volume_type": "gp3"
              }
            ],
            "secondary_private_ips": [],
            "security_groups": [
              "paas-openvpn-sg"
            ],
            "source_dest_check": false,
            "spot_instance_request_id": "",
            "subnet_id": "subnet-0e354ae7760dc0803",
            "tags": {
              "Name": "paas-openvpn-server",
              "Project": "PaaS.net"
            },
            "tags_all": {
              "Name": "paas-openvpn-server",
              "Project": "PaaS.net"
            },
            "tenancy": "default",
            "timeouts": null,
            "user_data": null,
            "user_data_base64": null,
            "user_data_replace_on_change": false,
            "volume_tags": null,
            "vpc_security_group_ids": [
              "sg-0a81871e5f16c86fa"
            ]
          },
          "sensitive_attributes": [],
          "identity_schema_version": 0,
          "private": "eyJlMmJmYjczMC1lY2FhLTExZTYtOGY4OC0zNDM2M2JjN2M0YzAiOnsiY3JlYXRlIjo2MDAwMDAwMDAwMDAsImRlbGV0ZSI6MTIwMDAwMDAwMDAwMCwicmVhZCI6OTAwMDAwMDAwMDAwLCJ1cGRhdGUiOjYwMDAwMDAwMDAwMH0sInNjaGVtYV92ZXJzaW9uIjoiMSJ9",
          "dependencies": [
            "aws_security_group.openvpn_sg"
          ]
        }
      ]
    },
    {
      "mode": "managed",
      "type": "aws_security_group",
      "name": "openvpn_sg",
      "provider": "provider[\"registry.terraform.io/hashicorp/aws\"]",
      "instances": [
        {
          "schema_version": 1,
          "attributes": {
            "arn": "arn:aws:ec2:us-east-1:503857315368:security-group/sg-0a81871e5f16c86fa",
            "description": "SSH para administracion + OpenVPN sobre TCP/1194",
            "egress": [
              {
                "cidr_blocks": [
                  "0.0.0.0/0"
                ],
                "description": "Salida libre (necesaria para apt, NAT de los clientes VPN, etc.)",
                "from_port": 0,
                "ipv6_cidr_blocks": [],
                "prefix_list_ids": [],
                "protocol": "-1",
                "security_groups": [],
                "self": false,
                "to_port": 0
              }
            ],
            "id": "sg-0a81871e5f16c86fa",
            "ingress": [
              {
                "cidr_blocks": [
                  "0.0.0.0/0"
                ],
                "description": "OpenVPN sobre TCP",
                "from_port": 1194,
                "ipv6_cidr_blocks": [],
                "prefix_list_ids": [],
                "protocol": "tcp",
                "security_groups": [],
                "self": false,
                "to_port": 1194
              },
              {
                "cidr_blocks": [
                  "177.93.3.17/32"
                ],
                "description": "SSH para Ansible / administracion",
                "from_port": 22,
                "ipv6_cidr_blocks": [],
                "prefix_list_ids": [],
                "protocol": "tcp",
                "security_groups": [],
                "self": false,
                "to_port": 22
              }
            ],
            "name": "paas-openvpn-sg",
            "name_prefix": "",
            "owner_id": "503857315368",
            "revoke_rules_on_delete": false,
            "tags": {
              "Name": "paas-openvpn-sg",
              "Project": "PaaS.net"
            },
            "tags_all": {
              "Name": "paas-openvpn-sg",
              "Project": "PaaS.net"
            },
            "timeouts": null,
            "vpc_id": "vpc-0855cd4722031c370"
          },
          "sensitive_attributes": [],
          "identity_schema_version": 0,
          "private": "eyJlMmJmYjczMC1lY2FhLTExZTYtOGY4OC0zNDM2M2JjN2M0YzAiOnsiY3JlYXRlIjo2MDAwMDAwMDAwMDAsImRlbGV0ZSI6OTAwMDAwMDAwMDAwfSwic2NoZW1hX3ZlcnNpb24iOiIxIn0="
        }
      ]
    }
  ],
  "check_results": null
}
